// !$*UTF8*$!
{
	archiveVersion = 1;
	classes = {
	};
	objectVersion = 50;
	objects = {

/* Begin PBXBuildFile section */
		299466EA26B54A2E001EAC9B /* aeropresstimer WatchKit App.app in Embed Watch Content */ = {isa = PBXBuildFile; fileRef = 299466E926B54A2E001EAC9B /* aeropresstimer WatchKit App.app */; settings = {ATTRIBUTES = (RemoveHeadersOnCopy, ); }; };
		299466EF26B54A2F001EAC9B /* Assets.xcassets in Resources */ = {isa = PBXBuildFile; fileRef = 299466EE26B54A2F001EAC9B /* Assets.xcassets */; };
		299466F626B54A2F001EAC9B /* aeropresstimer WatchKit Extension.appex in Embed App Extensions */ = {isa = PBXBuildFile; fileRef = 299466F526B54A2F001EAC9B /* aeropresstimer WatchKit Extension.appex */; settings = {ATTRIBUTES = (RemoveHeadersOnCopy, ); }; };
		299466FB26B54A2F001EAC9B /* aeropresstimerApp.swift in Sources */ = {isa = PBXBuildFile; fileRef = 299466FA26B54A2F001EAC9B /* aeropresstimerApp.swift */; };
		299466FD26B54A2F001EAC9B /* ContentView.swift in Sources */ = {isa = PBXBuildFile; fileRef = 299466FC26B54A2F001EAC9B /* ContentView.swift */; };
		299466FF26B54A2F001EAC9B /* NotificationController.swift in Sources */ = {isa = PBXBuildFile; fileRef = 299466FE26B54A2F001EAC9B /* NotificationController.swift */; };
		2994670126B54A2F001EAC9B /* NotificationView.swift in Sources */ = {isa = PBXBuildFile; fileRef = 2994670026B54A2F001EAC9B /* NotificationView.swift */; };
		2994670326B54A2F001EAC9B /* ComplicationController.swift in Sources */ = {isa = PBXBuildFile; fileRef = 2994670226B54A2F001EAC9B /* ComplicationController.swift */; };
		2994670526B54A2F001EAC9B /* Assets.xcassets in Resources */ = {isa = PBXBuildFile; fileRef = 2994670426B54A2F001EAC9B /* Assets.xcassets */; };
		2994670826B54A2F001EAC9B /* Preview Assets.xcassets in Resources */ = {isa = PBXBuildFile; fileRef = 2994670726B54A2F001EAC9B /* Preview Assets.xcassets */; };
/* End PBXBuildFile section */

/* Begin PBXContainerItemProxy section */
		299466EB26B54A2E001EAC9B /* PBXContainerItemProxy */ = {
			isa = PBXContainerItemProxy;
			containerPortal = 299466DF26B54A2E001EAC9B /* Project object */;
			proxyType = 1;
			remoteGlobalIDString = 299466E826B54A2E001EAC9B;
			remoteInfo = "aeropresstimer WatchKit App";
		};
		299466F726B54A2F001EAC9B /* PBXContainerItemProxy */ = {
			isa = PBXContainerItemProxy;
			containerPortal = 299466DF26B54A2E001EAC9B /* Project object */;
			proxyType = 1;
			remoteGlobalIDString = 299466F426B54A2F001EAC9B;
			remoteInfo = "aeropresstimer WatchKit Extension";
		};
/* End PBXContainerItemProxy section */

/* Begin PBXCopyFilesBuildPhase section */
		2994671026B54A2F001EAC9B /* Embed App Extensions */ = {
			isa = PBXCopyFilesBuildPhase;
			buildActionMask = 2147483647;
			dstPath = "";
			dstSubfolderSpec = 13;
			files = (
				299466F626B54A2F001EAC9B /* aeropresstimer WatchKit Extension.appex in Embed App Extensions */,
			);
			name = "Embed App Extensions";
			runOnlyForDeploymentPostprocessing = 0;
		};
		2994671426B54A2F001EAC9B /* Embed Watch Content */ = {
			isa = PBXCopyFilesBuildPhase;
			buildActionMask = 2147483647;
			dstPath = "$(CONTENTS_FOLDER_PATH)/Watch";
			dstSubfolderSpec = 16;
			files = (
				299466EA26B54A2E001EAC9B /* aeropresstimer WatchKit App.app in Embed Watch Content */,
			);
			name = "Embed Watch Content";
			runOnlyForDeploymentPostprocessing = 0;
		};
/* End PBXCopyFilesBuildPhase section */

/* Begin PBXFileReference section */
		299466E526B54A2E001EAC9B /* aeropresstimer.app */ = {isa = PBXFileReference; explicitFileType = wrapper.application; includeInIndex = 0; path = aeropresstimer.app; sourceTree = BUILT_PRODUCTS_DIR; };
		299466E926B54A2E001EAC9B /* aeropresstimer WatchKit App.app */ = {isa = PBXFileReference; explicitFileType = wrapper.application; includeInIndex = 0; path = "aeropresstimer WatchKit App.app"; sourceTree = BUILT_PRODUCTS_DIR; };
		299466EE26B54A2F001EAC9B /* Assets.xcassets */ = {isa = PBXFileReference; lastKnownFileType = folder.assetcatalog; path = Assets.xcassets; sourceTree = "<group>"; };
		299466F026B54A2F001EAC9B /* Info.plist */ = {isa = PBXFileReference; lastKnownFileType = text.plist.xml; path = Info.plist; sourceTree = "<group>"; };
		299466F526B54A2F001EAC9B /* aeropresstimer WatchKit Extension.appex */ = {isa = PBXFileReference; explicitFileType = "wrapper.app-extension"; includeInIndex = 0; path = "aeropresstimer WatchKit Extension.appex"; sourceTree = BUILT_PRODUCTS_DIR; };
		299466FA26B54A2F001EAC9B /* aeropresstimerApp.swift */ = {isa = PBXFileReference; lastKnownFileType = sourcecode.swift; path = aeropresstimerApp.swift; sourceTree = "<group>"; };
		299466FC26B54A2F001EAC9B /* ContentView.swift */ = {isa = PBXFileReference; lastKnownFileType = sourcecode.swift; path = ContentView.swift; sourceTree = "<group>"; };
		299466FE26B54A2F001EAC9B /* NotificationController.swift */ = {isa = PBXFileReference; lastKnownFileType = sourcecode.swift; path = NotificationController.swift; sourceTree = "<group>"; };
		2994670026B54A2F001EAC9B /* NotificationView.swift */ = {isa = PBXFileReference; lastKnownFileType = sourcecode.swift; path = NotificationView.swift; sourceTree = "<group>"; };
		2994670226B54A2F001EAC9B /* ComplicationController.swift */ = {isa = PBXFileReference; lastKnownFileType = sourcecode.swift; path = ComplicationController.swift; sourceTree = "<group>"; };
		2994670426B54A2F001EAC9B /* Assets.xcassets */ = {isa = PBXFileReference; lastKnownFileType = folder.assetcatalog; path = Assets.xcassets; sourceTree = "<group>"; };
		2994670726B54A2F001EAC9B /* Preview Assets.xcassets */ = {isa = PBXFileReference; lastKnownFileType = folder.assetcatalog; path = "Preview Assets.xcassets"; sourceTree = "<group>"; };
		2994670926B54A2F001EAC9B /* Info.plist */ = {isa = PBXFileReference; lastKnownFileType = text.plist.xml; path = Info.plist; sourceTree = "<group>"; };
		2994670A26B54A2F001EAC9B /* PushNotificationPayload.apns */ = {isa = PBXFileReference; lastKnownFileType = text; path = PushNotificationPayload.apns; sourceTree = "<group>"; };
/* End PBXFileReference section */

/* Begin PBXFrameworksBuildPhase section */
		299466F226B54A2F001EAC9B /* Frameworks */ = {
			isa = PBXFrameworksBuildPhase;
			buildActionMask = 2147483647;
			files = (
			);
			runOnlyForDeploymentPostprocessing = 0;
		};
/* End PBXFrameworksBuildPhase section */

/* Begin PBXGroup section */
		299466DE26B54A2E001EAC9B = {
			isa = PBXGroup;
			children = (
				299466ED26B54A2E001EAC9B /* aeropresstimer WatchKit App */,
				299466F926B54A2F001EAC9B /* aeropresstimer WatchKit Extension */,
				299466E626B54A2E001EAC9B /* Products */,
			);
			sourceTree = "<group>";
		};
		299466E626B54A2E001EAC9B /* Products */ = {
			isa = PBXGroup;
			children = (
				299466E526B54A2E001EAC9B /* aeropresstimer.app */,
				299466E926B54A2E001EAC9B /* aeropresstimer WatchKit App.app */,
				299466F526B54A2F001EAC9B /* aeropresstimer WatchKit Extension.appex */,
			);
			name = Products;
			sourceTree = "<group>";
		};
		299466ED26B54A2E001EAC9B /* aeropresstimer WatchKit App */ = {
			isa = PBXGroup;
			children = (
				299466EE26B54A2F001EAC9B /* Assets.xcassets */,
				299466F026B54A2F001EAC9B /* Info.plist */,
			);
			path = "aeropresstimer WatchKit App";
			sourceTree = "<group>";
		};
		299466F926B54A2F001EAC9B /* aeropresstimer WatchKit Extension */ = {
			isa = PBXGroup;
			children = (
				299466FA26B54A2F001EAC9B /* aeropresstimerApp.swift */,
				299466FC26B54A2F001EAC9B /* ContentView.swift */,
				299466FE26B54A2F001EAC9B /* NotificationController.swift */,
				2994670026B54A2F001EAC9B /* NotificationView.swift */,
				2994670226B54A2F001EAC9B /* ComplicationController.swift */,
				2994670426B54A2F001EAC9B /* Assets.xcassets */,
				2994670926B54A2F001EAC9B /* Info.plist */,
				2994670A26B54A2F001EAC9B /* PushNotificationPayload.apns */,
				2994670626B54A2F001EAC9B /* Preview Content */,
			);
			path = "aeropresstimer WatchKit Extension";
			sourceTree = "<group>";
		};
		2994670626B54A2F001EAC9B /* Preview Content */ = {
			isa = PBXGroup;
			children = (
				2994670726B54A2F001EAC9B /* Preview Assets.xcassets */,
			);
			path = "Preview Content";
			sourceTree = "<group>";
		};
/* End PBXGroup section */

/* Begin PBXNativeTarget section */
		299466E426B54A2E001EAC9B /* aeropresstimer */ = {
			isa = PBXNativeTarget;
			buildConfigurationList = 2994671526B54A2F001EAC9B /* Build configuration list for PBXNativeTarget "aeropresstimer" */;
			buildPhases = (
				299466E326B54A2E001EAC9B /* Resources */,
				2994671426B54A2F001EAC9B /* Embed Watch Content */,
			);
			buildRules = (
			);
			dependencies = (
				299466EC26B54A2E001EAC9B /* PBXTargetDependency */,
			);
			name = aeropresstimer;
			productName = aeropresstimer;
			productReference = 299466E526B54A2E001EAC9B /* aeropresstimer.app */;
			productType = "com.apple.product-type.application.watchapp2-container";
		};
		299466E826B54A2E001EAC9B /* aeropresstimer WatchKit App */ = {
			isa = PBXNativeTarget;
			buildConfigurationList = 2994671126B54A2F001EAC9B /* Build configuration list for PBXNativeTarget "aeropresstimer WatchKit App" */;
			buildPhases = (
				299466E726B54A2E001EAC9B /* Resources */,
				2994671026B54A2F001EAC9B /* Embed App Extensions */,
			);
			buildRules = (
			);
			dependencies = (
				299466F826B54A2F001EAC9B /* PBXTargetDependency */,
			);
			name = "aeropresstimer WatchKit App";
			productName = "aeropresstimer WatchKit App";
			productReference = 299466E926B54A2E001EAC9B /* aeropresstimer WatchKit App.app */;
			productType = "com.apple.product-type.application.watchapp2";
		};
		299466F426B54A2F001EAC9B /* aeropresstimer WatchKit Extension */ = {
			isa = PBXNativeTarget;
			buildConfigurationList = 2994670D26B54A2F001EAC9B /* Build configuration list for PBXNativeTarget "aeropresstimer WatchKit Extension" */;
			buildPhases = (
				299466F126B54A2F001EAC9B /* Sources */,
				299466F226B54A2F001EAC9B /* Frameworks */,
				299466F326B54A2F001EAC9B /* Resources */,
			);
			buildRules = (
			);
			dependencies = (
			);
			name = "aeropresstimer WatchKit Extension";
			productName = "aeropresstimer WatchKit Extension";
			productReference = 299466F526B54A2F001EAC9B /* aeropresstimer WatchKit Extension.appex */;
			productType = "com.apple.product-type.watchkit2-extension";
		};
/* End PBXNativeTarget section */

/* Begin PBXProject section */
		299466DF26B54A2E001EAC9B /* Project object */ = {
			isa = PBXProject;
			attributes = {
				LastSwiftUpdateCheck = 1250;
				LastUpgradeCheck = 1250;
				TargetAttributes = {
					299466E426B54A2E001EAC9B = {
						CreatedOnToolsVersion = 12.5.1;
					};
					299466E826B54A2E001EAC9B = {
						CreatedOnToolsVersion = 12.5.1;
					};
					299466F426B54A2F001EAC9B = {
						CreatedOnToolsVersion = 12.5.1;
					};
				};
			};
			buildConfigurationList = 299466E226B54A2E001EAC9B /* Build configuration list for PBXProject "aeropresstimer" */;
			compatibilityVersion = "Xcode 9.3";
			developmentRegion = en;
			hasScannedForEncodings = 0;
			knownRegions = (
				en,
				Base,
			);
			mainGroup = 299466DE26B54A2E001EAC9B;
			productRefGroup = 299466E626B54A2E001EAC9B /* Products */;
			projectDirPath = "";
			projectRoot = "";
			targets = (
				299466E426B54A2E001EAC9B /* aeropresstimer */,
				299466E826B54A2E001EAC9B /* aeropresstimer WatchKit App */,
				299466F426B54A2F001EAC9B /* aeropresstimer WatchKit Extension */,
			);
		};
/* End PBXProject section */

/* Begin PBXResourcesBuildPhase section */
		299466E326B54A2E001EAC9B /* Resources */ = {
			isa = PBXResourcesBuildPhase;
			buildActionMask = 2147483647;
			files = (
			);
			runOnlyForDeploymentPostprocessing = 0;
		};
		299466E726B54A2E001EAC9B /* Resources */ = {
			isa = PBXResourcesBuildPhase;
			buildActionMask = 2147483647;
			files = (
				299466EF26B54A2F001EAC9B /* Assets.xcassets in Resources */,
			);
			runOnlyForDeploymentPostprocessing = 0;
		};
		299466F326B54A2F001EAC9B /* Resources */ = {
			isa = PBXResourcesBuildPhase;
			buildActionMask = 2147483647;
			files = (
				2994670826B54A2F001EAC9B /* Preview Assets.xcassets in Resources */,
				2994670526B54A2F001EAC9B /* Assets.xcassets in Resources */,
			);
			runOnlyForDeploymentPostprocessing = 0;
		};
/* End PBXResourcesBuildPhase section */

/* Begin PBXSourcesBuildPhase section */
		299466F126B54A2F001EAC9B /* Sources */ = {
			isa = PBXSourcesBuildPhase;
			buildActionMask = 2147483647;
			files = (
				299466FF26B54A2F001EAC9B /* NotificationController.swift in Sources */,
				299466FD26B54A2F001EAC9B /* ContentView.swift in Sources */,
				2994670326B54A2F001EAC9B /* ComplicationController.swift in Sources */,
				299466FB26B54A2F001EAC9B /* aeropresstimerApp.swift in Sources */,
				2994670126B54A2F001EAC9B /* NotificationView.swift in Sources */,
			);
			runOnlyForDeploymentPostprocessing = 0;
		};
/* End PBXSourcesBuildPhase section */

/* Begin PBXTargetDependency section */
		299466EC26B54A2E001EAC9B /* PBXTargetDependency */ = {
			isa = PBXTargetDependency;
			target = 299466E826B54A2E001EAC9B /* aeropresstimer WatchKit App */;
			targetProxy = 299466EB26B54A2E001EAC9B /* PBXContainerItemProxy */;
		};
		299466F826B54A2F001EAC9B /* PBXTargetDependency */ = {
			isa = PBXTargetDependency;
			target = 299466F426B54A2F001EAC9B /* aeropresstimer WatchKit Extension */;
			targetProxy = 299466F726B54A2F001EAC9B /* PBXContainerItemProxy */;
		};
/* End PBXTargetDependency section */

/* Begin XCBuildConfiguration section */
		2994670B26B54A2F001EAC9B /* Debug */ = {
			isa = XCBuildConfiguration;
			buildSettings = {
				ALWAYS_SEARCH_USER_PATHS = NO;
				CLANG_ANALYZER_NONNULL = YES;
				CLANG_ANALYZER_NUMBER_OBJECT_CONVERSION = YES_AGGRESSIVE;
				CLANG_CXX_LANGUAGE_STANDARD = "gnu++14";
				CLANG_CXX_LIBRARY = "libc++";
				CLANG_ENABLE_MODULES = YES;
				CLANG_ENABLE_OBJC_ARC = YES;
				CLANG_ENABLE_OBJC_WEAK = YES;
				CLANG_WARN_BLOCK_CAPTURE_AUTORELEASING = YES;
				CLANG_WARN_BOOL_CONVERSION = YES;
				CLANG_WARN_COMMA = YES;
				CLANG_WARN_CONSTANT_CONVERSION = YES;
				CLANG_WARN_DEPRECATED_OBJC_IMPLEMENTATIONS = YES;
				CLANG_WARN_DIRECT_OBJC_ISA_USAGE = YES_ERROR;
				CLANG_WARN_DOCUMENTATION_COMMENTS = YES;
				CLANG_WARN_EMPTY_BODY = YES;
				CLANG_WARN_ENUM_CONVERSION = YES;
				CLANG_WARN_INFINITE_RECURSION = YES;
				CLANG_WARN_INT_CONVERSION = YES;
				CLANG_WARN_NON_LITERAL_NULL_CONVERSION = YES;
				CLANG_WARN_OBJC_IMPLICIT_RETAIN_SELF = YES;
				CLANG_WARN_OBJC_LITERAL_CONVERSION = YES;
				CLANG_WARN_OBJC_ROOT_CLASS = YES_ERROR;
				CLANG_WARN_QUOTED_INCLUDE_IN_FRAMEWORK_HEADER = YES;
				CLANG_WARN_RANGE_LOOP_ANALYSIS = YES;
				CLANG_WARN_STRICT_PROTOTYPES = YES;
				CLANG_WARN_SUSPICIOUS_MOVE = YES;
				CLANG_WARN_UNGUARDED_AVAILABILITY = YES_AGGRESSIVE;
				CLANG_WARN_UNREACHABLE_CODE = YES;
				CLANG_WARN__DUPLICATE_METHOD_MATCH = YES;
				COPY_PHASE_STRIP = NO;
				DEBUG_INFORMATION_FORMAT = dwarf;
				ENABLE_STRICT_OBJC_MSGSEND = YES;
				ENABLE_TESTABILITY = YES;
				GCC_C_LANGUAGE_STANDARD = gnu11;
				GCC_DYNAMIC_NO_PIC = NO;
				GCC_NO_COMMON_BLOCKS = YES;
				GCC_OPTIMIZATION_LEVEL = 0;
				GCC_PREPROCESSOR_DEFINITIONS = (
					"DEBUG=1",
					"$(inherited)",
				);
				GCC_WARN_64_TO_32_BIT_CONVERSION = YES;
				GCC_WARN_ABOUT_RETURN_TYPE = YES_ERROR;
				GCC_WARN_UNDECLARED_SELECTOR = YES;
				GCC_WARN_UNINITIALIZED_AUTOS = YES_AGGRESSIVE;
				GCC_WARN_UNUSED_FUNCTION = YES;
				GCC_WARN_UNUSED_VARIABLE = YES;
				MTL_ENABLE_DEBUG_INFO = INCLUDE_SOURCE;
				MTL_FAST_MATH = YES;
				ONLY_ACTIVE_ARCH = YES;
				SDKROOT = iphoneos;
				SWIFT_ACTIVE_COMPILATION_CONDITIONS = DEBUG;
				SWIFT_OPTIMIZATION_LEVEL = "-Onone";
			};
			name = Debug;
		};
		2994670C26B54A2F001EAC9B /* Release */ = {
			isa = XCBuildConfiguration;
			buildSettings = {
				ALWAYS_SEARCH_USER_PATHS = NO;
				CLANG_ANALYZER_NONNULL = YES;
				CLANG_ANALYZER_NUMBER_OBJECT_CONVERSION = YES_AGGRESSIVE;
				CLANG_CXX_LANGUAGE_STANDARD = "gnu++14";
				CLANG_CXX_LIBRARY = "libc++";
				CLANG_ENABLE_MODULES = YES;
				CLANG_ENABLE_OBJC_ARC = YES;
				CLANG_ENABLE_OBJC_WEAK = YES;
				CLANG_WARN_BLOCK_CAPTURE_AUTORELEASING = YES;
				CLANG_WARN_BOOL_CONVERSION = YES;
				CLANG_WARN_COMMA = YES;
				CLANG_WARN_CONSTANT_CONVERSION = YES;
				CLANG_WARN_DEPRECATED_OBJC_IMPLEMENTATIONS = YES;
				CLANG_WARN_DIRECT_OBJC_ISA_USAGE = YES_ERROR;
				CLANG_WARN_DOCUMENTATION_COMMENTS = YES;
				CLANG_WARN_EMPTY_BODY = YES;
				CLANG_WARN_ENUM_CONVERSION = YES;
				CLANG_WARN_INFINITE_RECURSION = YES;
				CLANG_WARN_INT_CONVERSION = YES;
				CLANG_WARN_NON_LITERAL_NULL_CONVERSION = YES;
				CLANG_WARN_OBJC_IMPLICIT_RETAIN_SELF = YES;
				CLANG_WARN_OBJC_LITERAL_CONVERSION = YES;
				CLANG_WARN_OBJC_ROOT_CLASS = YES_ERROR;
				CLANG_WARN_QUOTED_INCLUDE_IN_FRAMEWORK_HEADER = YES;
				CLANG_WARN_RANGE_LOOP_ANALYSIS = YES;
				CLANG_WARN_STRICT_PROTOTYPES = YES;
				CLANG_WARN_SUSPICIOUS_MOVE = YES;
				CLANG_WARN_UNGUARDED_AVAILABILITY = YES_AGGRESSIVE;
				CLANG_WARN_UNREACHABLE_CODE = YES;
				CLANG_WARN__DUPLICATE_METHOD_MATCH = YES;
				COPY_PHASE_STRIP = NO;
				DEBUG_INFORMATION_FORMAT = "dwarf-with-dsym";
				ENABLE_NS_ASSERTIONS = NO;
				ENABLE_STRICT_OBJC_MSGSEND = YES;
				GCC_C_LANGUAGE_STANDARD = gnu11;
				GCC_NO_COMMON_BLOCKS = YES;
				GCC_WARN_64_TO_32_BIT_CONVERSION = YES;
				GCC_WARN_ABOUT_RETURN_TYPE = YES_ERROR;
				GCC_WARN_UNDECLARED_SELECTOR = YES;
				GCC_WARN_UNINITIALIZED_AUTOS = YES_AGGRESSIVE;
				GCC_WARN_UNUSED_FUNCTION = YES;
				GCC_WARN_UNUSED_VARIABLE = YES;
				MTL_ENABLE_DEBUG_INFO = NO;
				MTL_FAST_MATH = YES;
				SDKROOT = iphoneos;
				SWIFT_COMPILATION_MODE = wholemodule;
				SWIFT_OPTIMIZATION_LEVEL = "-O";
				VALIDATE_PRODUCT = YES;
			};
			name = Release;
		};
		2994670E26B54A2F001EAC9B /* Debug */ = {
			isa = XCBuildConfiguration;
			buildSettings = {
				ASSETCATALOG_COMPILER_COMPLICATION_NAME = Complication;
				CODE_SIGN_STYLE = Automatic;
				DEVELOPMENT_ASSET_PATHS = "\"aeropresstimer WatchKit Extension/Preview Content\"";
				DEVELOPMENT_TEAM = 6XK8CTGKE3;
				ENABLE_PREVIEWS = YES;
				INFOPLIST_FILE = "aeropresstimer WatchKit Extension/Info.plist";
				LD_RUNPATH_SEARCH_PATHS = (
					"$(inherited)",
					"@executable_path/Frameworks",
					"@executable_path/../../Frameworks",
				);
				PRODUCT_BUNDLE_IDENTIFIER = com.danielpape.aeropresstimer.watchkitapp.watchkitextension;
				PRODUCT_NAME = "${TARGET_NAME}";
				SDKROOT = watchos;
				SKIP_INSTALL = YES;
				SWIFT_VERSION = 5.0;
				TARGETED_DEVICE_FAMILY = 4;
				WATCHOS_DEPLOYMENT_TARGET = 7.4;
			};
			name = Debug;
		};
		2994670F26B54A2F001EAC9B /* Release */ = {
			isa = XCBuildConfiguration;
			buildSettings = {
				ASSETCATALOG_COMPILER_COMPLICATION_NAME = Complication;
				CODE_SIGN_STYLE = Automatic;
				DEVELOPMENT_ASSET_PATHS = "\"aeropresstimer WatchKit Extension/Preview Content\"";
				DEVELOPMENT_TEAM = 6XK8CTGKE3;
				ENABLE_PREVIEWS = YES;
				INFOPLIST_FILE = "aeropresstimer WatchKit Extension/Info.plist";
				LD_RUNPATH_SEARCH_PATHS = (
					"$(inherited)",
					"@executable_path/Frameworks",
					"@executable_path/../../Frameworks",
				);
				PRODUCT_BUNDLE_IDENTIFIER = com.danielpape.aeropresstimer.watchkitapp.watchkitextension;
				PRODUCT_NAME = "${TARGET_NAME}";
				SDKROOT = watchos;
				SKIP_INSTALL = YES;
				SWIFT_VERSION = 5.0;
				TARGETED_DEVICE_FAMILY = 4;
				WATCHOS_DEPLOYMENT_TARGET = 7.4;
			};
			name = Release;
		};
		2994671226B54A2F001EAC9B /* Debug */ = {
			isa = XCBuildConfiguration;
			buildSettings = {
				ALWAYS_EMBED_SWIFT_STANDARD_LIBRARIES = YES;
				ASSETCATALOG_COMPILER_APPICON_NAME = AppIcon;
				ASSETCATALOG_COMPILER_GLOBAL_ACCENT_COLOR_NAME = AccentColor;
				CODE_SIGN_STYLE = Automatic;
				DEVELOPMENT_TEAM = 6XK8CTGKE3;
				IBSC_MODULE = aeropresstimer_WatchKit_Extension;
				INFOPLIST_FILE = "aeropresstimer WatchKit App/Info.plist";
				PRODUCT_BUNDLE_IDENTIFIER = com.danielpape.aeropresstimer.watchkitapp;
				PRODUCT_NAME = "$(TARGET_NAME)";
				SDKROOT = watchos;
				SKIP_INSTALL = YES;
				SWIFT_VERSION = 5.0;
				TARGETED_DEVICE_FAMILY = 4;
				WATCHOS_DEPLOYMENT_TARGET = 7.4;
			};
			name = Debug;
		};
		2994671326B54A2F001EAC9B /* Release */ = {
			isa = XCBuildConfiguration;
			buildSettings = {
				ALWAYS_EMBED_SWIFT_STANDARD_LIBRARIES = YES;
				ASSETCATALOG_COMPILER_APPICON_NAME = AppIcon;
				ASSETCATALOG_COMPILER_GLOBAL_ACCENT_COLOR_NAME = AccentColor;
				CODE_SIGN_STYLE = Automatic;
				DEVELOPMENT_TEAM = 6XK8CTGKE3;
				IBSC_MODULE = aeropresstimer_WatchKit_Extension;
				INFOPLIST_FILE = "aeropresstimer WatchKit App/Info.plist";
				PRODUCT_BUNDLE_IDENTIFIER = com.danielpape.aeropresstimer.watchkitapp;
				PRODUCT_NAME = "$(TARGET_NAME)";
				SDKROOT = watchos;
				SKIP_INSTALL = YES;
				SWIFT_VERSION = 5.0;
				TARGETED_DEVICE_FAMILY = 4;
				WATCHOS_DEPLOYMENT_TARGET = 7.4;
			};
			name = Release;
		};
		2994671626B54A2F001EAC9B /* Debug */ = {
			isa = XCBuildConfiguration;
			buildSettings = {
				CODE_SIGN_STYLE = Automatic;
				CURRENT_PROJECT_VERSION = 1;
				DEVELOPMENT_TEAM = 6XK8CTGKE3;
				MARKETING_VERSION = 1.0;
				PRODUCT_BUNDLE_IDENTIFIER = com.danielpape.aeropresstimer;
				PRODUCT_NAME = "$(TARGET_NAME)";
				SWIFT_VERSION = 5.0;
			};
			name = Debug;
		};
		2994671726B54A2F001EAC9B /* Release */ = {
			isa = XCBuildConfiguration;
			buildSettings = {
				CODE_SIGN_STYLE = Automatic;
				CURRENT_PROJECT_VERSION = 1;
				DEVELOPMENT_TEAM = 6XK8CTGKE3;
				MARKETING_VERSION = 1.0;
				PRODUCT_BUNDLE_IDENTIFIER = com.danielpape.aeropresstimer;
				PRODUCT_NAME = "$(TARGET_NAME)";
				SWIFT_VERSION = 5.0;
			};
			name = Release;
		};
/* End XCBuildConfiguration section */

/* Begin XCConfigurationList section */
		299466E226B54A2E001EAC9B /* Build configuration list for PBXProject "aeropresstimer" */ = {
			isa = XCConfigurationList;
			buildConfigurations = (
				2994670B26B54A2F001EAC9B /* Debug */,
				2994670C26B54A2F001EAC9B /* Release */,
			);
			defaultConfigurationIsVisible = 0;
			defaultConfigurationName = Release;
		};
		2994670D26B54A2F001EAC9B /* Build configuration list for PBXNativeTarget "aeropresstimer WatchKit Extension" */ = {
			isa = XCConfigurationList;
			buildConfigurations = (
				2994670E26B54A2F001EAC9B /* Debug */,
				2994670F26B54A2F001EAC9B /* Release */,
			);
			defaultConfigurationIsVisible = 0;
			defaultConfigurationName = Release;
		};
		2994671126B54A2F001EAC9B /* Build configuration list for PBXNativeTarget "aeropresstimer WatchKit App" */ = {
			isa = XCConfigurationList;
			buildConfigurations = (
				2994671226B54A2F001EAC9B /* Debug */,
				2994671326B54A2F001EAC9B /* Release */,
			);
			defaultConfigurationIsVisible = 0;
			defaultConfigurationName = Release;
		};
		2994671526B54A2F001EAC9B /* Build configuration list for PBXNativeTarget "aeropresstimer" */ = {
			isa = XCConfigurationList;
			buildConfigurations = (
				2994671626B54A2F001EAC9B /* Debug */,
				2994671726B54A2F001EAC9B /* Release */,
			);
			defaultConfigurationIsVisible = 0;
			defaultConfigurationName = Release;
		};
/* End XCConfigurationList section */
	};
	rootObject = 299466DF26B54A2E001EAC9B /* Project object */;
}
